[[package]]
category = "main"
description = "Fast, Extensible Progress Meter"
name = "tqdm"
optional = false
python-versions = "!=3.0.*,!=3.1.*,!=3.2.*,!=3.3.*,>=2.7"
version = "4.54.0"

[package.extras]
dev = ["py-make (>=0.1.0)", "twine", "argopt", "pydoc-markdown", "wheel"]

[metadata]
content-hash = "8e50b4a139ac47a6032ed2e5d0880554049bac488e40ca4197d77509260b55ab"
python-versions = "^3.8"

[metadata.files]
tqdm = [
    {file = "tqdm-4.54.0-py2.py3-none-any.whl", hash = "sha256:9e7b8ab0ecbdbf0595adadd5f0ebbb9e69010e0bd48bbb0c15e550bf2a5292df"},
    {file = "tqdm-4.54.0.tar.gz", hash = "sha256:5c0d04e06ccc0da1bd3fa5ae4550effcce42fcad947b4a6cafa77bdc9b09ff22"},
]
